
Microsoft Visual Studio Solution File, Format Version 12.00
# Visual Studio Version 17
VisualStudioVersion = 17.9.34723.18
MinimumVisualStudioVersion = 10.0.40219.1
Project("{9A19103F-16F7-4668-BE54-9A1E7A4F7556}") = "ResultRecogniser", "ResultRecogniser\ResultRecogniser.csproj", "{965E86F3-DF7D-4070-B7AF-4B8305C0CAED}"
EndProject
Global
	GlobalSection(SolutionConfigurationPlatforms) = preSolution
		Debug|Any CPU = Debug|Any CPU
		Release|Any CPU = Release|Any CPU
	EndGlobalSection
	GlobalSection(ProjectConfigurationPlatforms) = postSolution
		{965E86F3-DF7D-4070-B7AF-4B8305C0CAED}.Debug|Any CPU.ActiveCfg = Debug|Any CPU
		{965E86F3-DF7D-4070-B7AF-4B8305C0CAED}.Debug|Any CPU.Build.0 = Debug|Any CPU
		{965E86F3-DF7D-4070-B7AF-4B8305C0CAED}.Release|Any CPU.ActiveCfg = Release|Any CPU
		{965E86F3-DF7D-4070-B7AF-4B8305C0CAED}.Release|Any CPU.Build.0 = Release|Any CPU
	EndGlobalSection
	GlobalSection(SolutionProperties) = preSolution
		HideSolutionNode = FALSE
	EndGlobalSection
	GlobalSection(ExtensibilityGlobals) = postSolution
		SolutionGuid = {C369D7CC-6413-4654-B1BE-13D2457E3CCF}
	EndGlobalSection
EndGlobal
